lockfileVersion: '9.0'

settings:
  autoInstallPeers: true
  excludeLinksFromLockfile: false

importers:

  .:
    dependencies:
      '@base-ui/react':
        specifier: ^1.6.0
        version: 1.7.0(@types/react@19.2.18)(react-dom@19.2.8(react@19.2.8))(react@19.2.8)
      '@number-flow/react':
        specifier: ^0.6.2
        version: 0.6.2(react-dom@19.2.8(react@19.2.8))(react@19.2.8)
      '@visx/curve':
        specifier: ^4.0.1-alpha.0
        version: 4.0.1-alpha.0
      '@visx/event':
        specifier: ^4.0.1-alpha.0
        version: 4.0.1-alpha.0
      '@visx/grid':
        specifier: ^4.0.1-alpha.0
        version: 4.0.1-alpha.0(react@19.2.8)
      '@visx/group':
        specifier: ^4.0.1-alpha.0
        version: 4.0.1-alpha.0(react@19.2.8)
      '@visx/responsive':
        specifier: ^4.0.1-alpha.0
        version: 4.0.1-alpha.0(react@19.2.8)
      '@visx/scale':
        specifier: ^4.0.1-alpha.0
        version: 4.0.1-alpha.0
      '@visx/shape':
        specifier: ^4.0.1-alpha.0
        version: 4.0.1-alpha.0(react@19.2.8)
      '@visx/zoom':
        specifier: ^4.0.1-alpha.0
        version: 4.0.1-alpha.0(react@19.2.8)
      d3-array:
        specifier: ^3.2.4
        version: 3.2.4
      d3-geo:
        specifier: ^3.1.0
        version: 3.1.1
      d3-sankey:
        specifier: ^0.12.3
        version: 0.12.3
      d3-scale:
        specifier: ^4.0.2
        version: 4.0.2
      d3-shape:
        specifier: ^3.2.0
        version: 3.2.0
      playwright-core:
        specifier: ^1.62.1
        version: 1.62.1
      react-use-measure:
        specifier: ^2.1.7
        version: 2.1.7(react-dom@19.2.8(react@19.2.8))(react@19.2.8)
      topojson-client:
        specifier: ^3.1.0
        version: 3.1.0
    devDependencies:
      '@types/d3-sankey':
        specifier: ^0.12.5
        version: 0.12.5
      esbuild:
        specifier: ^0.28.1
        version: 0.28.1
      pixelmatch:
        specifier: ^7.2.0
        version: 7.2.0
      playwright:
        specifier: ^1.62.1
        version: 1.62.1
      pngjs:
        specifier: ^7.0.0
        version: 7.0.0

packages:

  '@babel/runtime@7.29.7':
    resolution: {integrity: sha512-Nq8OhGWiZIZGV6hLHoyAKLLcJihP/xFeBMGJoUrxTX2psI8dCifzLhZISFb+VWS3wFMRDmCGw5R+dOySCqPLhw==}
    engines: {node: '>=6.9.0'}

  '@base-ui/react@1.7.0':
    resolution: {integrity: sha512-j+8QjX44C32jrXD/qyEAGpFr70FRpGL2CY61mQd9nBPWN737CK0xxD1ceJ055rW4RtdvFDT1e7otzdlfxvsYug==}
    engines: {node: '>=14.0.0'}
    peerDependencies:
      '@date-fns/tz': ^1.2.0
      '@types/react': ^17 || ^18 || ^19
      date-fns: ^4.0.0
      react: ^17 || ^18 || ^19
      react-dom: ^17 || ^18 || ^19
    peerDependenciesMeta:
      '@date-fns/tz':
        optional: true
      '@types/react':
        optional: true
      date-fns:
        optional: true

  '@base-ui/utils@0.3.2':
    resolution: {integrity: sha512-oWy1aq/I2GmYjpl4PhEAhzflF8VPGKgZeq0xAWTbfD5KBWyxcN0ZP2+WHSUm/5Z6lVMBDLReLcoXwSYoRc/zNQ==}
    peerDependencies:
      '@types/react': ^17 || ^18 || ^19
      react: ^17 || ^18 || ^19
      react-dom: ^17 || ^18 || ^19
    peerDependenciesMeta:
      '@types/react':
        optional: true

  '@esbuild/aix-ppc64@0.28.1':
    resolution: {integrity: sha512-Svl7tq8k/08+p6CXPpRjQ1fKX+1odH/BQbb48fV6fj3CWHhsoIOoY87w1oHXm0qEpkIK3ZfVgp0hed3XBXzXMQ==}
    engines: {node: '>=18'}
    cpu: [ppc64]
    os: [aix]

  '@esbuild/android-arm64@0.28.1':
    resolution: {integrity: sha512-34EGEbCIAgosYz6goLcopX6Mo7NyGv9tfwEM2/7Ce2VcVRk568iSvniGWcUXIy7wEDR1wzolcxcriFVrWYcwBg==}
    engines: {node: '>=18'}
    cpu: [arm64]
    os: [android]

  '@esbuild/android-arm@0.28.1':
    resolution: {integrity: sha512-0k2F129Xdio1TdJfzJ8sy1Q47vUD2NnwdhiAf7drUN1EBTfPf4hsFCtmMgu/6m8JSzsBrlmVjudMBQqOfG8usQ==}
    engines: {node: '>=18'}
    cpu: [arm]
    os: [android]

  '@esbuild/android-x64@0.28.1':
    resolution: {integrity: sha512-dbwY7ltSMDWsRatcRpCnES4F+im88OCUgGZjy52shC7GqHRE/cYlxNbB4Z4UpJswpcc4Qxd2oE/ufM0p61IKng==}
    engines: {node: '>=18'}
    cpu: [x64]
    os: [android]

  '@esbuild/darwin-arm64@0.28.1':
    resolution: {integrity: sha512-TZbWkQY7kvTAXbXUT7uVACR5cMHsDiSz9z7ZKAX/RTq/WJEk3QyRr0wZpNhBDX+/0CtdqUIJlOiodQcta6tY3Q==}
    engines: {node: '>=18'}
    cpu: [arm64]
    os: [darwin]

  '@esbuild/darwin-x64@0.28.1':
    resolution: {integrity: sha512-zfdzgK9ACBNZLI/CyHTOx81SyNbM6YXn7rxSgX97VjyiPl9W1i4Ka4fgKECEoFCKGpvBj5qArWIGgQjOwkgskQ==}
    engines: {node: '>=18'}
    cpu: [x64]
    os: [darwin]

  '@esbuild/freebsd-arm64@0.28.1':
    resolution: {integrity: sha512-wG2EA8ENdEI0qhkSZMjfqrdY+ziCYCPMmtZjjIwOmXFjmyzEHn+UUxk5of+SYsjtfs3VpnlC7QLzSI5hY/rOAw==}
    engines: {node: '>=18'}
    cpu: [arm64]
    os: [freebsd]

  '@esbuild/freebsd-x64@0.28.1':
    resolution: {integrity: sha512-i7dZ9vQgnvSCzi/rYCXNgtF/U+eKZNJBzu3eTQbRgHnM7tNSizLOkRFAl3qzVc/Op/u5YkHHa4pf/3DOYHthLQ==}
    engines: {node: '>=18'}
    cpu: [x64]
    os: [freebsd]

  '@esbuild/linux-arm64@0.28.1':
    resolution: {integrity: sha512-yHs+0uc8+nvEAfAfxrWQKK5peSNzBc4PegcMO0EJ2hT71uA7vB8Ihg2e77R2P7SG5uYjPbHlLLmve4LLLRCf0g==}
    engines: {node: '>=18'}
    cpu: [arm64]
    os: [linux]

  '@esbuild/linux-arm@0.28.1':
    resolution: {integrity: sha512-qVXBOHQS+d5Y722GwJzJUtOLlX7km3CraOaGormF1pDtPd2C/l1SHRPgjLunLGe51Sh5YYWKMFDyV4SxgMQYTQ==}
    engines: {node: '>=18'}
    cpu: [arm]
    os: [linux]

  '@esbuild/linux-ia32@0.28.1':
    resolution: {integrity: sha512-d1z4ZuP0ajrfz/FhGT4vv278rX8KnPPJx8i5+AtK7TYbx9Le9F1hyzurZpkEyjkGa9dUGhQow4C1NmeGvqxN2w==}
    engines: {node: '>=18'}
    cpu: [ia32]
    os: [linux]

  '@esbuild/linux-loong64@0.28.1':
    resolution: {integrity: sha512-M5sRjUVZrkm1OAPR3dlOYzNmN+loZKGVi1VUQGrwuqLcbR6qeAz+famMhjASeH3YVKvZz+zT1jlh/keC3Rj/lg==}
    engines: {node: '>=18'}
    cpu: [loong64]
    os: [linux]

  '@esbuild/linux-mips64el@0.28.1':
    resolution: {integrity: sha512-mRObBZeHh2OxcBFPWE/FjylkRgZdYuiTR3vaTozquCGOH14iP9oN4x4Ge81CoIDYQrXmIxpFumJBu5MtZpnQJQ==}
    engines: {node: '>=18'}
    cpu: [mips64el]
    os: [linux]

  '@esbuild/linux-ppc64@0.28.1':
    resolution: {integrity: sha512-slScBsMAb3GFDcdrCgLwZtPYRoH2H/youv10QiZyRjmsP48fznoveWytSgCI/R0ZcUgpc0ZhIUEx6LHts8yrfQ==}
    engines: {node: '>=18'}
    cpu: [ppc64]
    os: [linux]

  '@esbuild/linux-riscv64@0.28.1':
    resolution: {integrity: sha512-kw0owk1o0GFETUJyW0jc0G4Yzs0BHZn0JDZ8JRT088vjJYX777BAs1fDGxAC+q831qOs2DTC96mNsG2opdfyyQ==}
    engines: {node: '>=18'}
    cpu: [riscv64]
    os: [linux]

  '@esbuild/linux-s390x@0.28.1':
    resolution: {integrity: sha512-/lAIjX8aYFRByhh6L5rYtPEDRqa9de/4V/juOXcta5frjvzXO4/sqEtyytse0g3zZFuWu5cDN0MkLz2qRDD2Ag==}
    engines: {node: '>=18'}
    cpu: [s390x]
    os: [linux]

  '@esbuild/linux-x64@0.28.1':
    resolution: {integrity: sha512-u/anNYF2mmVOEDwLtnQ1wOr3EZ9sTNGLWrsYGYwHWzGA3Si84IOkHXlbWTD1NB+9/1lcnweYKO54uhxZydNzfA==}
    engines: {node: '>=18'}
    cpu: [x64]
    os: [linux]

  '@esbuild/netbsd-arm64@0.28.1':
    resolution: {integrity: sha512-oks0DYbLwWMmaakTsCb+zL4E+aHRVLom9IJZOAthMQEPiQmydXHkziYEsGYRx0uNV/IjEKGAV941JzH02pflqw==}
    engines: {node: '>=18'}
    cpu: [arm64]
    os: [netbsd]

  '@esbuild/netbsd-x64@0.28.1':
    resolution: {integrity: sha512-aeL6lAnN89Hz43Mlh1G8ARasbuoYvSITDEx0tHh5b7jJnHcssqgjy9Yx430GDpmCa6OyrKoS0aNRjKundRizGg==}
    engines: {node: '>=18'}
    cpu: [x64]
    os: [netbsd]

  '@esbuild/openbsd-arm64@0.28.1':
    resolution: {integrity: sha512-MEFJe5C3R8pwXdZ5Y21oo6m7ePiS0d9pWucn99O/wvyJZChoIQKrQDxKrGeW8F5+T0okTHesAmDeiHDTIq0V/Q==}
    engines: {node: '>=18'}
    cpu: [arm64]
    os: [openbsd]

  '@esbuild/openbsd-x64@0.28.1':
    resolution: {integrity: sha512-i/ZLIOafE0Z8cI/XANJAixoJL/uRAoS2xOA3rb0xN+KK0K177cMAsQYkzHtBrtMXAKuAc7HGgcWiZ/sRC1Nxgw==}
    engines: {node: '>=18'}
    cpu: [x64]
    os: [openbsd]

  '@esbuild/openharmony-arm64@0.28.1':
    resolution: {integrity: sha512-ge+Z7EXFNt2BO1oAMsVpiQ8EwndV9i1xXerAeTIK7AtPs3bKFXQM7nlRxDSIUIMeueR1CNXxqztLzdNeReKBJg==}
    engines: {node: '>=18'}
    cpu: [arm64]
    os: [openharmony]

  '@esbuild/sunos-x64@0.28.1':
    resolution: {integrity: sha512-BEjgtECkL3vY+SaSQ6nzVfiALUeFxpawyp8Jmf5PtYhf1Ug40N1h/hxlhts+f1FvSvarEigdxS3BlSMI2PJLcQ==}
    engines: {node: '>=18'}
    cpu: [x64]
    os: [sunos]

  '@esbuild/win32-arm64@0.28.1':
    resolution: {integrity: sha512-lCv9eK/H6ZJWbE7bh2nw54CZ9M2nupBxJcTsdk/QQnWkdSjKGuxmmH8/GWrlT1eMmZfn4dGcCjRte397WqfQXA==}
    engines: {node: '>=18'}
    cpu: [arm64]
    os: [win32]

  '@esbuild/win32-ia32@0.28.1':
    resolution: {integrity: sha512-zvb/mB2bSCoJOpoCBgYKKpX6YM6mJBlBUVUtVj41DlZJVEB6/0CKlRYxP5wWl1C1ILiCoAU5wZZ4q1P3qeS6Eg==}
    engines: {node: '>=18'}
    cpu: [ia32]
    os: [win32]

  '@esbuild/win32-x64@0.28.1':
    resolution: {integrity: sha512-bm4Mowrv+GXMlpWX++EcXw/iLyd1o3+bJkC2DkWXYVvgZCqD/bSj9ctZeAMC3cIxgjRVR2Dufaiu4YPxr5gW1A==}
    engines: {node: '>=18'}
    cpu: [x64]
    os: [win32]

  '@floating-ui/core@1.8.0':
    resolution: {integrity: sha512-0CIZ5itps/8x7BG8dEIhs53BvCUH2PCoogtakwRTut+Arm58sJooJ0AuZhLw2HJYIR5cMLNPBSS728sPho2khQ==}

  '@floating-ui/dom@1.8.0':
    resolution: {integrity: sha512-yXSrzeHZBTZadLOlfyhCkJHNeLJnHRnRInwdZ40L7ZiaAtrBwoYlsDrX3v5zB1Utk7CLfzcOVnVVWoXEky7Ceg==}

  '@floating-ui/react-dom@2.1.9':
    resolution: {integrity: sha512-JDjEFGCpImxDCA7JJKviA0M9+RtmJdj0m/NVU5IMgBK+AmZouAQQ7/+2GLH0GXXY0YMw9oXPB8hKdbPYg5QLYg==}
    peerDependencies:
      react: '>=16.8.0'
      react-dom: '>=16.8.0'

  '@floating-ui/utils@0.2.12':
    resolution: {integrity: sha512-HpCo8tmWzLVad5s2d19EhAz5zqrrQ6s69qd6moPMQvkOuSwDT1YgRfWSVuc4ennqrgv3OHppiOGMQ7oC13yIww==}

  '@number-flow/react@0.6.2':
    resolution: {integrity: sha512-WjZuV4aA+vhRCgCF+adGLgFVVAJ8vdvq6EchRT2FiBIgElTXtDOA3YgkcMr9UHpvpS9v4H70AB5wZv0D9jc3QA==}
    peerDependencies:
      react: ^18 || ^19
      react-dom: ^18 || ^19

  '@types/d3-array@3.0.3':
    resolution: {integrity: sha512-Reoy+pKnvsksN0lQUlcH6dOGjRZ/3WRwXR//m+/8lt1BXeI4xyaUZoqULNjyXXRuh0Mj4LNpkCvhUpQlY3X5xQ==}

  '@types/d3-color@3.1.0':
    resolution: {integrity: sha512-HKuicPHJuvPgCD+np6Se9MQvS6OCbJmOjGvylzMJRlDwUXjKTTXs6Pwgk79O09Vj/ho3u1ofXnhFOaEWWPrlwA==}

  '@types/d3-delaunay@6.0.1':
    resolution: {integrity: sha512-tLxQ2sfT0p6sxdG75c6f/ekqxjyYR0+LwPrsO1mbC9YDBzPJhs2HbJJRrn8Ez1DBoHRo2yx7YEATI+8V1nGMnQ==}

  '@types/d3-format@3.0.1':
    resolution: {integrity: sha512-5KY70ifCCzorkLuIkDe0Z9YTf9RR2CjBX1iaJG+rgM/cPP+sO+q9YdQ9WdhQcgPj1EQiJ2/0+yUkkziTG6Lubg==}

  '@types/d3-geo@3.1.0':
    resolution: {integrity: sha512-856sckF0oP/diXtS4jNsiQw/UuK5fQG8l/a9VVLeSouf1/PPbBE1i1W852zVwKwYCBkFJJB7nCFTbk6UMEXBOQ==}

  '@types/d3-interpolate@3.0.1':
    resolution: {integrity: sha512-jx5leotSeac3jr0RePOH1KdR9rISG91QIE4Q2PYTu4OymLTZfA3SrnURSLzKH48HmXVUru50b8nje4E79oQSQw==}

  '@types/d3-path@1.0.11':
    resolution: {integrity: sha512-4pQMp8ldf7UaB/gR8Fvvy69psNHkTpD/pVw3vmEi8iZAB9EPMBruB1JvHO4BIq9QkUUd2lV1F5YXpMNj7JPBpw==}

  '@types/d3-path@3.1.1':
    resolution: {integrity: sha512-VMZBYyQvbGmWyWVea0EHs/BwLgxc+MKi1zLDCONksozI4YJMcTt8ZEuIR4Sb1MMTE8MMW49v0IwI5+b7RmfWlg==}

  '@types/d3-sankey@0.12.5':
    resolution: {integrity: sha512-/3RZSew0cLAtzGQ+C89hq/Rp3H20QJuVRSqFy6RKLe7E0B8kd2iOS1oBsodrgds4PcNVpqWhdUEng/SHvBcJ6Q==}

  '@types/d3-scale@4.0.2':
    resolution: {integrity: sha512-Yk4htunhPAwN0XGlIwArRomOjdoBFXC3+kCxK2Ubg7I9shQlVSJy/pG/Ht5ASN+gdMIalpk8TJ5xV74jFsetLA==}

  '@types/d3-shape@1.3.12':
    resolution: {integrity: sha512-8oMzcd4+poSLGgV0R1Q1rOlx/xdmozS4Xab7np0eamFFUYq71AU9pOCJEFnkXW2aI/oXdVYJzw6pssbSut7Z9Q==}

  '@types/d3-shape@3.1.7':
    resolution: {integrity: sha512-VLvUQ33C+3J+8p+Daf+nYSOsjB4GXp19/S/aGo60m9h1v6XaxjiT82lKVWJCfzhtuZ3yD7i/TPeC/fuKLLOSmg==}

  '@types/d3-time-format@2.1.0':
    resolution: {integrity: sha512-/myT3I7EwlukNOX2xVdMzb8FRgNzRMpsZddwst9Ld/VFe6LyJyRp0s32l/V9XoUzk+Gqu56F/oGk6507+8BxrA==}

  '@types/d3-time@3.0.0':
    resolution: {integrity: sha512-sZLCdHvBUcNby1cB6Fd3ZBrABbjz3v1Vm90nysCQ6Vt7vd6e/h9Lt7SiJUoEX0l4Dzc7P5llKyhqSi1ycSf1Hg==}

  '@types/geojson@7946.0.16':
    resolution: {integrity: sha512-6C8nqWur3j98U6+lXDfTUWIfgvZU+EumvpHKcYjujKH7woYyLj2sUmff0tRhrqM7BohUw7Pz3ZB1jj2gW9Fvmg==}

  '@types/lodash@4.17.25':
    resolution: {integrity: sha512-+K1NIO8I+F9/wNulfVvu23QYd0Pe9/OCqRrim4NoYIf1VoEDL90Ve4ClzpyqBLc7NpGGWRvYNCKZ1BE/Jpf8dQ==}

  '@types/react@19.2.18':
    resolution: {integrity: sha512-AnzbBERsrLKtk2XSfTbYRLjQPdy116Sty4q+T+Bp3IC4l6jNBvreVPAHmpq9qhXQM7CXZPjLVmGMw9sy+hxQ3w==}

  '@use-gesture/core@10.3.1':
    resolution: {integrity: sha512-WcINiDt8WjqBdUXye25anHiNxPc0VOrlT8F6LLkU6cycrOGUDyY/yyFmsg3k8i5OLvv25llc0QC45GhR/C8llw==}

  '@use-gesture/react@10.3.1':
    resolution: {integrity: sha512-Yy19y6O2GJq8f7CHf7L0nxL8bf4PZCPaVOCgJrusOeFHY1LvHgYXnmnXg6N5iwAnbgbZCDjo60SiM6IPJi9C5g==}
    peerDependencies:
      react: '>= 16.8.0'

  '@visx/curve@4.0.1-alpha.0':
    resolution: {integrity: sha512-jRu61Uz274pV1zyioXmboyrLutYbnKsgjj4njSGCnhdXj5GkZvZbg+ThDb6oOzoAnJOBRLz4rzPlWvNJOzuVMg==}

  '@visx/event@4.0.1-alpha.0':
    resolution: {integrity: sha512-EQqCMSv/s8NbFjo+hz3FKsvvYfP+2QslsFJ/24/O5l/W+7UC6J6aAvO0ujVwrTwdYbuQ+vhxKi1xdPdKR/qj1g==}

  '@visx/grid@4.0.1-alpha.0':
    resolution: {integrity: sha512-rycutGmTHO+znNdPumheWMglm7YfpffvRwUkVy5zy4WoORIuKTMkDxwnOzHG2xMxU3EE/YCd37xFV5AxA30yeg==}
    peerDependencies:
      react: ^16.14.0 || ^17.0.0-0 || ^18.0.0-0 || ^19.0.0-0

  '@visx/group@4.0.1-alpha.0':
    resolution: {integrity: sha512-V19l7iQ7jccBv8kao/EByuI6o4xtxzzLV9nqVI1hRvmdzTVsuLpqlwzYCZUXJaTVvUWf8s4D2SQFjGkj/Nw+0w==}
    peerDependencies:
      react: ^16.14.0 || ^17.0.0-0 || ^18.0.0-0 || ^19.0.0-0

  '@visx/point@4.0.1-alpha.0':
    resolution: {integrity: sha512-ijTfr/Nx09f03vIj9nyTr3z4Xth4Y75427UaogJh6dnIRLMEFHQOwNu791sbfiNj0a+ZXuaE32h0vKrFe4/8Qg==}

  '@visx/responsive@4.0.1-alpha.0':
    resolution: {integrity: sha512-o+1zGywQZY0+yOx3Iw87wc4bbPJRr/HnIukTwfOz4UVyj9pB1OQNVHB7OORO1+LBHJceWpB31co/ZV9KHncKrA==}
    peerDependencies:
      react: ^16.14.0 || ^17.0.0-0 || ^18.0.0-0 || ^19.0.0-0

  '@visx/scale@4.0.1-alpha.0':
    resolution: {integrity: sha512-nzjeE87vFSAXGWFiiNfBpNLAf0Q8Qmf6syvKLjqNi4kGZkdhbUll3E/59YsgWXmjM8+llPLWzGsP+JPvo5eq1A==}

  '@visx/shape@4.0.1-alpha.0':
    resolution: {integrity: sha512-62QeiVNmPlterQGwhkEDcbq7M0MqY0lBsK5QKXtM9ZoPZWkuGV3aykA3+Xu20B2FAvyJq4LqJzBc7Sxr+EAdbA==}
    peerDependencies:
      react: ^16.14.0 || ^17.0.0-0 || ^18.0.0-0 || ^19.0.0-0

  '@visx/vendor@4.0.0-alpha.0':
    resolution: {integrity: sha512-6I+MuqXBcv9jnlcVowHoHKSdk9gXTWkHLKyqBwRWg7LY6A3Ei8SHfubpqGV5rBUSppxMq2RszPJUS6w+H0YgmQ==}

  '@visx/zoom@4.0.1-alpha.0':
    resolution: {integrity: sha512-f+Y3rI3Lhpn4wbkSQw3IPsqtcRbh/TcF4M4N5ETrciMXtkJVQNrYzzC6mgxN1fZcw2228oKZzNaMI7hpOLoPkw==}
    peerDependencies:
      react: ^16.14.0 || ^17.0.0-0 || ^18.0.0-0 || ^19.0.0-0

  classnames@2.5.1:
    resolution: {integrity: sha512-saHYOzhIQs6wy2sVxTM6bUDsQO4F50V9RQ22qBpEdCW+I+/Wmke2HOl6lS6dTpdxVhb88/I6+Hs+438c3lfUow==}

  commander@2.20.3:
    resolution: {integrity: sha512-GpVkmM8vF2vQUkj2LvZmD35JxeJOLCwJ9cUkugyk2nuhbv3+mJvpLYYt+0+USMxE+oj+ey/lJEnhZw75x/OMcQ==}

  csstype@3.2.3:
    resolution: {integrity: sha512-z1HGKcYy2xA8AGQfwrn0PAy+PB7X/GSj3UVJW9qKyn43xWa+gl5nXmU4qqLMRzWVLFC8KusUX8T/0kCiOYpAIQ==}

  d3-array@2.12.1:
    resolution: {integrity: sha512-B0ErZK/66mHtEsR1TkPEEkwdy+WDesimkM5gpZr5Dsg54BiTA5RXtYW5qTLIAcekaS9xfZrzBLF/OAkB3Qn1YQ==}

  d3-array@3.2.1:
    resolution: {integrity: sha512-gUY/qeHq/yNqqoCKNq4vtpFLdoCdvyNpWoC/KNjhGbhDuQpAM9sIQQKkXSNpXa9h5KySs/gzm7R88WkUutgwWQ==}
    engines: {node: '>=12'}

  d3-array@3.2.4:
    resolution: {integrity: sha512-tdQAmyA18i4J7wprpYq8ClcxZy3SC31QMeByyCFyRt7BVHdREQZ5lpzoe5mFEYZUWe+oq8HBvk9JjpibyEV4Jg==}
    engines: {node: '>=12'}

  d3-color@3.1.0:
    resolution: {integrity: sha512-zg/chbXyeBtMQ1LbD/WSoW2DpC3I0mpmPdW+ynRTj/x2DAWYrIY7qeZIHidozwV24m4iavr15lNwIwLxRmOxhA==}
    engines: {node: '>=12'}

  d3-delaunay@6.0.2:
    resolution: {integrity: sha512-IMLNldruDQScrcfT+MWnazhHbDJhcRJyOEBAJfwQnHle1RPh6WDuLvxNArUju2VSMSUuKlY5BGHRJ2cYyoFLQQ==}
    engines: {node: '>=12'}

  d3-format@3.1.0:
    resolution: {integrity: sha512-YyUI6AEuY/Wpt8KWLgZHsIU86atmikuoOmCfommt0LYHiQSPjvX2AcFc38PX0CBpr2RCyZhjex+NS/LPOv6YqA==}
    engines: {node: '>=12'}

  d3-format@3.1.2:
    resolution: {integrity: sha512-AJDdYOdnyRDV5b6ArilzCPPwc1ejkHcoyFarqlPqT7zRYjhavcT3uSrqcMvsgh2CgoPbK3RCwyHaVyxYcP2Arg==}
    engines: {node: '>=12'}

  d3-geo@3.1.0:
    resolution: {integrity: sha512-JEo5HxXDdDYXCaWdwLRt79y7giK8SbhZJbFWXqbRTolCHFI5jRqteLzCsq51NKbUoX0PjBVSohxrx+NoOUujYA==}
    engines: {node: '>=12'}

  d3-geo@3.1.1:
    resolution: {integrity: sha512-637ln3gXKXOwhalDzinUgY83KzNWZRKbYubaG+fGVuc/dxO64RRljtCTnf5ecMyE1RIdtqpkVcq0IbtU2S8j2Q==}
    engines: {node: '>=12'}

  d3-interpolate@3.0.1:
    resolution: {integrity: sha512-3bYs1rOD33uo8aqJfKP3JWPAibgw8Zm2+L9vBKEHJ2Rg+viTR7o5Mmv5mZcieN+FRYaAOWX5SJATX6k1PWz72g==}
    engines: {node: '>=12'}

  d3-path@1.0.9:
    resolution: {integrity: sha512-VLaYcn81dtHVTjEHd8B+pbe9yHWpXKZUC87PzoFmsFrJqgFwDe/qxfp5MlfsfM1V5E/iVt0MmEbWQ7FVIXh/bg==}

  d3-path@3.1.0:
    resolution: {integrity: sha512-p3KP5HCf/bvjBSSKuXid6Zqijx7wIfNW+J/maPs+iwR35at5JCbLUT0LzF1cnjbCHWhqzQTIN2Jpe8pRebIEFQ==}
    engines: {node: '>=12'}

  d3-sankey@0.12.3:
    resolution: {integrity: sha512-nQhsBRmM19Ax5xEIPLMY9ZmJ/cDvd1BG3UVvt5h3WRxKg5zGRbvnteTyWAbzeSvlh3tW7ZEmq4VwR5mB3tutmQ==}

  d3-scale@4.0.2:
    resolution: {integrity: sha512-GZW464g1SH7ag3Y7hXjf8RoUuAFIqklOAq3MRl4OaWabTFJY9PN/E1YklhXLh+OQ3fM9yS2nOkCoS+WLZ6kvxQ==}
    engines: {node: '>=12'}

  d3-shape@1.3.7:
    resolution: {integrity: sha512-EUkvKjqPFUAZyOlhY5gzCxCeI0Aep04LwIRpsZ/mLFelJiUfnK56jo5JMDSE7yyP2kLSb6LtF+S5chMk7uqPqw==}

  d3-shape@3.2.0:
    resolution: {integrity: sha512-SaLBuwGm3MOViRq2ABk3eLoxwZELpH6zhl3FbAoJ7Vm1gofKx6El1Ib5z23NUEhF9AsGl7y+dzLe5Cw2AArGTA==}
    engines: {node: '>=12'}

  d3-time-format@4.1.0:
    resolution: {integrity: sha512-dJxPBlzC7NugB2PDLwo9Q8JiTR3M3e4/XANkreKSUxF8vvXKqm1Yfq4Q5dl8budlunRVlUUaDUgFt7eA8D6NLg==}
    engines: {node: '>=12'}

  d3-time@3.1.0:
    resolution: {integrity: sha512-VqKjzBLejbSMT4IgbmVgDjpkYrNWUYJnbCGo874u7MMKIWsILRX+OpX/gTk8MqjpT1A/c6HY2dCA77ZN0lkQ2Q==}
    engines: {node: '>=12'}

  delaunator@5.1.0:
    resolution: {integrity: sha512-AGrQ4QSgssa1NGmWmLPqN5NY2KajF5MqxetNEO+o0n3ZwZZeTmt7bBnvzHWrmkZFxGgr4HdyFgelzgi06otLuQ==}

  esbuild@0.28.1:
    resolution: {integrity: sha512-HrJrvZv5ayxBzPfwphOoNzkzOIIlifzk0KJrGK2c8R4+LKpMtpYLQeUdjnwjWv/LZlkH2laZk+4w78pi99D4Vw==}
    engines: {node: '>=18'}
    hasBin: true

  esm-env@1.2.2:
    resolution: {integrity: sha512-Epxrv+Nr/CaL4ZcFGPJIYLWFom+YeV1DqMLHJoEd9SYRxNbaFruBwfEX/kkHUJf55j2+TUbmDcmuilbP1TmXHA==}

  fsevents@2.3.2:
    resolution: {integrity: sha512-xiqMQR4xAeHTuB9uWm+fFRcIOgKBMiOBP+eXiyT7jsgVCq1bkVygt00oASowB7EdtpOHaaPgKt812P9ab+DDKA==}
    engines: {node: ^8.16.0 || ^10.6.0 || >=11.0.0}
    os: [darwin]

  internmap@1.0.1:
    resolution: {integrity: sha512-lDB5YccMydFBtasVtxnZ3MRBHuaoE8GKsppq+EchKL2U4nK/DmEpPHNH8MZe5HkMtpSiTSOZwfN0tzYjO/lJEw==}

  internmap@2.0.3:
    resolution: {integrity: sha512-5Hh7Y1wQbvY5ooGgPbDaL5iYLAPzMTUrjMulskHLH6wnv/A+1q5rgEaiuqEjB+oxGXIVZs1FF+R/KPN3ZSQYYg==}
    engines: {node: '>=12'}

  lodash@4.18.1:
    resolution: {integrity: sha512-dMInicTPVE8d1e5otfwmmjlxkZoUpiVLwyeTdUsi/Caj/gfzzblBcCE5sRHV/AsjuCmxWrte2TNGSYuCeCq+0Q==}

  number-flow@0.6.2:
    resolution: {integrity: sha512-MCnImG4Q5vPwhSXnov56nOuyyKn6LC+Qd7II1UiKc+ACRtug5iAtn0+CwXNxM38AC5lSowEY+oYEtZX2qMnUyw==}

  pixelmatch@7.2.0:
    resolution: {integrity: sha512-xhcb4yHu9sM/G7foGzoLtXYcC0zHEaOXXjRKhGup0fw78Nf2Tkiapv4EQyMzrbcmQPsllAI7DbFY2UT7PlI9Pg==}
    hasBin: true

  playwright-core@1.62.1:
    resolution: {integrity: sha512-wPYSwEBJY9GHraISXqyqtx0na0LpO3XEX7jNDhntbex7tzUS7kLnZsOlFruFJB4Hi/rhDMjXGqHewDZ68nYZVw==}
    engines: {node: '>=20'}
    hasBin: true

  playwright@1.62.1:
    resolution: {integrity: sha512-0M+L3LAD8/nm554LOla9Ayx0j0tmFZ0FBcoQ7F1VuVHpM/XpiC8RcDzBQB8W5+hA8L22THxELzeF+2WcUzvcLg==}
    engines: {node: '>=20'}
    hasBin: true

  pngjs@7.0.0:
    resolution: {integrity: sha512-LKWqWJRhstyYo9pGvgor/ivk2w94eSjE3RGVuzLGlr3NmD8bf7RcYGze1mNdEHRP6TRP6rMuDHk5t44hnTRyow==}
    engines: {node: '>=14.19.0'}

  react-dom@19.2.8:
    resolution: {integrity: sha512-rVprimfGBG3DR+Tq0IQG2DT5PxKth1WIGDmj5yPmlzr4YBe7uyE+Du4oVqTDXZSHGGGXRtTJEGSSePyQCMBglQ==}
    peerDependencies:
      react: ^19.2.8

  react-use-measure@2.1.7:
    resolution: {integrity: sha512-KrvcAo13I/60HpwGO5jpW7E9DfusKyLPLvuHlUyP5zqnmAPhNc6qTRjUQrdTADl0lpPpDVU2/Gg51UlOGHXbdg==}
    peerDependencies:
      react: '>=16.13'
      react-dom: '>=16.13'
    peerDependenciesMeta:
      react-dom:
        optional: true

  react@19.2.8:
    resolution: {integrity: sha512-PWaYA1L/q9u2u7xYQi+Y3L3Yfnie7XyLeaJICV1MGD6LprsBxcAqGjYyr0eY3p+QdsA+x/Irkt4Qif8D63+Sbw==}
    engines: {node: '>=0.10.0'}

  reselect@5.2.0:
    resolution: {integrity: sha512-AgZ3UOZm3YndfrJ4OYjgrT7bmCm/1iqkjvEfH/oYjzh6PD2qw4QuT3jjnXIrpdt4MTpMXclMT3lXbmRY+XRakw==}

  robust-predicates@3.0.3:
    resolution: {integrity: sha512-NS3levdsRIUOmiJ8FZWCP7LG3QpJyrs/TE0Zpf1yvZu8cAJJ6QMW92H1c7kWpdIHo8RvmLxN/o2JXTKHp74lUA==}

  scheduler@0.27.0:
    resolution: {integrity: sha512-eNv+WrVbKu1f3vbYJT/xtiF5syA5HPIMtf9IgY/nKg0sWqzAUEvqY/xm7OcZc/qafLx/iO9FgOmeSAp4v5ti/Q==}

  topojson-client@3.1.0:
    resolution: {integrity: sha512-605uxS6bcYxGXw9qi62XyrV6Q3xwbndjachmNxu8HWTtVPxZfEJN9fd/SZS1Q54Sn2y0TMyMxFj/cJINqGHrKw==}
    hasBin: true

  use-sync-external-store@1.6.0:
    resolution: {integrity: sha512-Pp6GSwGP/NrPIrxVFAIkOQeyw8lFenOHijQWkUTrDvrF4ALqylP2C/KCkeS9dpUM3KvYRQhna5vt7IL95+ZQ9w==}
    peerDependencies:
      react: ^16.8.0 || ^17.0.0 || ^18.0.0 || ^19.0.0

snapshots:

  '@babel/runtime@7.29.7': {}

  '@base-ui/react@1.7.0(@types/react@19.2.18)(react-dom@19.2.8(react@19.2.8))(react@19.2.8)':
    dependencies:
      '@babel/runtime': 7.29.7
      '@base-ui/utils': 0.3.2(@types/react@19.2.18)(react-dom@19.2.8(react@19.2.8))(react@19.2.8)
      '@floating-ui/react-dom': 2.1.9(react-dom@19.2.8(react@19.2.8))(react@19.2.8)
      '@floating-ui/utils': 0.2.12
      react: 19.2.8
      react-dom: 19.2.8(react@19.2.8)
      use-sync-external-store: 1.6.0(react@19.2.8)
    optionalDependencies:
      '@types/react': 19.2.18

  '@base-ui/utils@0.3.2(@types/react@19.2.18)(react-dom@19.2.8(react@19.2.8))(react@19.2.8)':
    dependencies:
      '@babel/runtime': 7.29.7
      '@floating-ui/utils': 0.2.12
      react: 19.2.8
      react-dom: 19.2.8(react@19.2.8)
      reselect: 5.2.0
      use-sync-external-store: 1.6.0(react@19.2.8)
    optionalDependencies:
      '@types/react': 19.2.18

  '@esbuild/aix-ppc64@0.28.1':
    optional: true

  '@esbuild/android-arm64@0.28.1':
    optional: true

  '@esbuild/android-arm@0.28.1':
    optional: true

  '@esbuild/android-x64@0.28.1':
    optional: true

  '@esbuild/darwin-arm64@0.28.1':
    optional: true

  '@esbuild/darwin-x64@0.28.1':
    optional: true

  '@esbuild/freebsd-arm64@0.28.1':
    optional: true

  '@esbuild/freebsd-x64@0.28.1':
    optional: true

  '@esbuild/linux-arm64@0.28.1':
    optional: true

  '@esbuild/linux-arm@0.28.1':
    optional: true

  '@esbuild/linux-ia32@0.28.1':
    optional: true

  '@esbuild/linux-loong64@0.28.1':
    optional: true

  '@esbuild/linux-mips64el@0.28.1':
    optional: true

  '@esbuild/linux-ppc64@0.28.1':
    optional: true

  '@esbuild/linux-riscv64@0.28.1':
    optional: true

  '@esbuild/linux-s390x@0.28.1':
    optional: true

  '@esbuild/linux-x64@0.28.1':
    optional: true

  '@esbuild/netbsd-arm64@0.28.1':
    optional: true

  '@esbuild/netbsd-x64@0.28.1':
    optional: true

  '@esbuild/openbsd-arm64@0.28.1':
    optional: true

  '@esbuild/openbsd-x64@0.28.1':
    optional: true

  '@esbuild/openharmony-arm64@0.28.1':
    optional: true

  '@esbuild/sunos-x64@0.28.1':
    optional: true

  '@esbuild/win32-arm64@0.28.1':
    optional: true

  '@esbuild/win32-ia32@0.28.1':
    optional: true

  '@esbuild/win32-x64@0.28.1':
    optional: true

  '@floating-ui/core@1.8.0':
    dependencies:
      '@floating-ui/utils': 0.2.12

  '@floating-ui/dom@1.8.0':
    dependencies:
      '@floating-ui/core': 1.8.0
      '@floating-ui/utils': 0.2.12

  '@floating-ui/react-dom@2.1.9(react-dom@19.2.8(react@19.2.8))(react@19.2.8)':
    dependencies:
      '@floating-ui/dom': 1.8.0
      react: 19.2.8
      react-dom: 19.2.8(react@19.2.8)

  '@floating-ui/utils@0.2.12': {}

  '@number-flow/react@0.6.2(react-dom@19.2.8(react@19.2.8))(react@19.2.8)':
    dependencies:
      esm-env: 1.2.2
      number-flow: 0.6.2
      react: 19.2.8
      react-dom: 19.2.8(react@19.2.8)

  '@types/d3-array@3.0.3': {}

  '@types/d3-color@3.1.0': {}

  '@types/d3-delaunay@6.0.1': {}

  '@types/d3-format@3.0.1': {}

  '@types/d3-geo@3.1.0':
    dependencies:
      '@types/geojson': 7946.0.16

  '@types/d3-interpolate@3.0.1':
    dependencies:
      '@types/d3-color': 3.1.0

  '@types/d3-path@1.0.11': {}

  '@types/d3-path@3.1.1': {}

  '@types/d3-sankey@0.12.5':
    dependencies:
      '@types/d3-shape': 1.3.12

  '@types/d3-scale@4.0.2':
    dependencies:
      '@types/d3-time': 3.0.0

  '@types/d3-shape@1.3.12':
    dependencies:
      '@types/d3-path': 1.0.11

  '@types/d3-shape@3.1.7':
    dependencies:
      '@types/d3-path': 3.1.1

  '@types/d3-time-format@2.1.0': {}

  '@types/d3-time@3.0.0': {}

  '@types/geojson@7946.0.16': {}

  '@types/lodash@4.17.25': {}

  '@types/react@19.2.18':
    dependencies:
      csstype: 3.2.3

  '@use-gesture/core@10.3.1': {}

  '@use-gesture/react@10.3.1(react@19.2.8)':
    dependencies:
      '@use-gesture/core': 10.3.1
      react: 19.2.8

  '@visx/curve@4.0.1-alpha.0':
    dependencies:
      '@visx/vendor': 4.0.0-alpha.0

  '@visx/event@4.0.1-alpha.0':
    dependencies:
      '@types/react': 19.2.18
      '@visx/point': 4.0.1-alpha.0

  '@visx/grid@4.0.1-alpha.0(react@19.2.8)':
    dependencies:
      '@types/react': 19.2.18
      '@visx/curve': 4.0.1-alpha.0
      '@visx/group': 4.0.1-alpha.0(react@19.2.8)
      '@visx/point': 4.0.1-alpha.0
      '@visx/scale': 4.0.1-alpha.0
      '@visx/shape': 4.0.1-alpha.0(react@19.2.8)
      classnames: 2.5.1
      react: 19.2.8

  '@visx/group@4.0.1-alpha.0(react@19.2.8)':
    dependencies:
      '@types/react': 19.2.18
      classnames: 2.5.1
      react: 19.2.8

  '@visx/point@4.0.1-alpha.0': {}

  '@visx/responsive@4.0.1-alpha.0(react@19.2.8)':
    dependencies:
      '@types/lodash': 4.17.25
      '@types/react': 19.2.18
      lodash: 4.18.1
      react: 19.2.8

  '@visx/scale@4.0.1-alpha.0':
    dependencies:
      '@visx/vendor': 4.0.0-alpha.0

  '@visx/shape@4.0.1-alpha.0(react@19.2.8)':
    dependencies:
      '@types/lodash': 4.17.25
      '@types/react': 19.2.18
      '@visx/curve': 4.0.1-alpha.0
      '@visx/group': 4.0.1-alpha.0(react@19.2.8)
      '@visx/scale': 4.0.1-alpha.0
      '@visx/vendor': 4.0.0-alpha.0
      classnames: 2.5.1
      lodash: 4.18.1
      react: 19.2.8

  '@visx/vendor@4.0.0-alpha.0':
    dependencies:
      '@types/d3-array': 3.0.3
      '@types/d3-color': 3.1.0
      '@types/d3-delaunay': 6.0.1
      '@types/d3-format': 3.0.1
      '@types/d3-geo': 3.1.0
      '@types/d3-interpolate': 3.0.1
      '@types/d3-path': 3.1.1
      '@types/d3-scale': 4.0.2
      '@types/d3-shape': 3.1.7
      '@types/d3-time': 3.0.0
      '@types/d3-time-format': 2.1.0
      d3-array: 3.2.1
      d3-color: 3.1.0
      d3-delaunay: 6.0.2
      d3-format: 3.1.0
      d3-geo: 3.1.0
      d3-interpolate: 3.0.1
      d3-path: 3.1.0
      d3-scale: 4.0.2
      d3-shape: 3.2.0
      d3-time: 3.1.0
      d3-time-format: 4.1.0
      internmap: 2.0.3

  '@visx/zoom@4.0.1-alpha.0(react@19.2.8)':
    dependencies:
      '@types/react': 19.2.18
      '@use-gesture/react': 10.3.1(react@19.2.8)
      '@visx/event': 4.0.1-alpha.0
      react: 19.2.8

  classnames@2.5.1: {}

  commander@2.20.3: {}

  csstype@3.2.3: {}

  d3-array@2.12.1:
    dependencies:
      internmap: 1.0.1

  d3-array@3.2.1:
    dependencies:
      internmap: 2.0.3

  d3-array@3.2.4:
    dependencies:
      internmap: 2.0.3

  d3-color@3.1.0: {}

  d3-delaunay@6.0.2:
    dependencies:
      delaunator: 5.1.0

  d3-format@3.1.0: {}

  d3-format@3.1.2: {}

  d3-geo@3.1.0:
    dependencies:
      d3-array: 3.2.4

  d3-geo@3.1.1:
    dependencies:
      d3-array: 3.2.4

  d3-interpolate@3.0.1:
    dependencies:
      d3-color: 3.1.0

  d3-path@1.0.9: {}

  d3-path@3.1.0: {}

  d3-sankey@0.12.3:
    dependencies:
      d3-array: 2.12.1
      d3-shape: 1.3.7

  d3-scale@4.0.2:
    dependencies:
      d3-array: 3.2.4
      d3-format: 3.1.2
      d3-interpolate: 3.0.1
      d3-time: 3.1.0
      d3-time-format: 4.1.0

  d3-shape@1.3.7:
    dependencies:
      d3-path: 1.0.9

  d3-shape@3.2.0:
    dependencies:
      d3-path: 3.1.0

  d3-time-format@4.1.0:
    dependencies:
      d3-time: 3.1.0

  d3-time@3.1.0:
    dependencies:
      d3-array: 3.2.4

  delaunator@5.1.0:
    dependencies:
      robust-predicates: 3.0.3

  esbuild@0.28.1:
    optionalDependencies:
      '@esbuild/aix-ppc64': 0.28.1
      '@esbuild/android-arm': 0.28.1
      '@esbuild/android-arm64': 0.28.1
      '@esbuild/android-x64': 0.28.1
      '@esbuild/darwin-arm64': 0.28.1
      '@esbuild/darwin-x64': 0.28.1
      '@esbuild/freebsd-arm64': 0.28.1
      '@esbuild/freebsd-x64': 0.28.1
      '@esbuild/linux-arm': 0.28.1
      '@esbuild/linux-arm64': 0.28.1
      '@esbuild/linux-ia32': 0.28.1
      '@esbuild/linux-loong64': 0.28.1
      '@esbuild/linux-mips64el': 0.28.1
      '@esbuild/linux-ppc64': 0.28.1
      '@esbuild/linux-riscv64': 0.28.1
      '@esbuild/linux-s390x': 0.28.1
      '@esbuild/linux-x64': 0.28.1
      '@esbuild/netbsd-arm64': 0.28.1
      '@esbuild/netbsd-x64': 0.28.1
      '@esbuild/openbsd-arm64': 0.28.1
      '@esbuild/openbsd-x64': 0.28.1
      '@esbuild/openharmony-arm64': 0.28.1
      '@esbuild/sunos-x64': 0.28.1
      '@esbuild/win32-arm64': 0.28.1
      '@esbuild/win32-ia32': 0.28.1
      '@esbuild/win32-x64': 0.28.1

  esm-env@1.2.2: {}

  fsevents@2.3.2:
    optional: true

  internmap@1.0.1: {}

  internmap@2.0.3: {}

  lodash@4.18.1: {}

  number-flow@0.6.2:
    dependencies:
      esm-env: 1.2.2

  pixelmatch@7.2.0:
    dependencies:
      pngjs: 7.0.0

  playwright-core@1.62.1: {}

  playwright@1.62.1:
    dependencies:
      playwright-core: 1.62.1
    optionalDependencies:
      fsevents: 2.3.2

  pngjs@7.0.0: {}

  react-dom@19.2.8(react@19.2.8):
    dependencies:
      react: 19.2.8
      scheduler: 0.27.0

  react-use-measure@2.1.7(react-dom@19.2.8(react@19.2.8))(react@19.2.8):
    dependencies:
      react: 19.2.8
    optionalDependencies:
      react-dom: 19.2.8(react@19.2.8)

  react@19.2.8: {}

  reselect@5.2.0: {}

  robust-predicates@3.0.3: {}

  scheduler@0.27.0: {}

  topojson-client@3.1.0:
    dependencies:
      commander: 2.20.3

  use-sync-external-store@1.6.0(react@19.2.8):
    dependencies:
      react: 19.2.8
